// !$*UTF8*$!
{
	archiveVersion = 1;
	classes = {
	};
	objectVersion = 46;
	objects = {

/* Begin PBXBuildFile section */
		7903557C16EE6055001F12D1 /* sphinxstemen.cpp in Sources */ = {isa = PBXBuildFile; fileRef = 7903557A16EE6055001F12D1 /* sphinxstemen.cpp */; };
		79E1390916EE57B400A8D956 /* main.cpp in Sources */ = {isa = PBXBuildFile; fileRef = 79E1390816EE57B400A8D956 /* main.cpp */; };
		79E1390B16EE57B400A8D956 /* DocSearch.1 in CopyFiles */ = {isa = PBXBuildFile; fileRef = 79E1390A16EE57B400A8D956 /* DocSearch.1 */; };
		79E1391C16EE57F900A8D956 /* common.cpp in Sources */ = {isa = PBXBuildFile; fileRef = 79E1391116EE57F900A8D956 /* common.cpp */; };
		79E1391D16EE57F900A8D956 /* crc32.cpp in Sources */ = {isa = PBXBuildFile; fileRef = 79E1391316EE57F900A8D956 /* crc32.cpp */; };
		79E1391F16EE57F900A8D956 /* Indexer.cpp in Sources */ = {isa = PBXBuildFile; fileRef = 79E1391616EE57F900A8D956 /* Indexer.cpp */; };
		79E1392016EE57F900A8D956 /* Searcher.cpp in Sources */ = {isa = PBXBuildFile; fileRef = 79E1391816EE57F900A8D956 /* Searcher.cpp */; };
		79E1392116EE57F900A8D956 /* sphinxstemru.cpp in Sources */ = {isa = PBXBuildFile; fileRef = 79E1391B16EE57F900A8D956 /* sphinxstemru.cpp */; };
/* End PBXBuildFile section */

/* Begin PBXCopyFilesBuildPhase section */
		79E1390316EE57B400A8D956 /* CopyFiles */ = {
			isa = PBXCopyFilesBuildPhase;
			buildActionMask = 2147483647;
			dstPath = /usr/share/man/man1/;
			dstSubfolderSpec = 0;
			files = (
				79E1390B16EE57B400A8D956 /* DocSearch.1 in CopyFiles */,
			);
			runOnlyForDeploymentPostprocessing = 1;
		};
/* End PBXCopyFilesBuildPhase section */

/* Begin PBXFileReference section */
		7903557A16EE6055001F12D1 /* sphinxstemen.cpp */ = {isa = PBXFileReference; fileEncoding = 4; lastKnownFileType = sourcecode.cpp.cpp; path = sphinxstemen.cpp; sourceTree = "<group>"; };
		79E1390516EE57B400A8D956 /* DocSearch */ = {isa = PBXFileReference; explicitFileType = "compiled.mach-o.executable"; includeInIndex = 0; path = DocSearch; sourceTree = BUILT_PRODUCTS_DIR; };
		79E1390816EE57B400A8D956 /* main.cpp */ = {isa = PBXFileReference; lastKnownFileType = sourcecode.cpp.cpp; path = main.cpp; sourceTree = "<group>"; };
		79E1390A16EE57B400A8D956 /* DocSearch.1 */ = {isa = PBXFileReference; lastKnownFileType = text.man; path = DocSearch.1; sourceTree = "<group>"; };
		79E1391116EE57F900A8D956 /* common.cpp */ = {isa = PBXFileReference; fileEncoding = 4; lastKnownFileType = sourcecode.cpp.cpp; path = common.cpp; sourceTree = "<group>"; };
		79E1391216EE57F900A8D956 /* common.h */ = {isa = PBXFileReference; fileEncoding = 4; lastKnownFileType = sourcecode.c.h; path = common.h; sourceTree = "<group>"; };
		79E1391316EE57F900A8D956 /* crc32.cpp */ = {isa = PBXFileReference; fileEncoding = 4; lastKnownFileType = sourcecode.cpp.cpp; path = crc32.cpp; sourceTree = "<group>"; };
		79E1391416EE57F900A8D956 /* crc32.h */ = {isa = PBXFileReference; fileEncoding = 4; lastKnownFileType = sourcecode.c.h; path = crc32.h; sourceTree = "<group>"; };
		79E1391616EE57F900A8D956 /* Indexer.cpp */ = {isa = PBXFileReference; fileEncoding = 4; lastKnownFileType = sourcecode.cpp.cpp; path = Indexer.cpp; sourceTree = "<group>"; };
		79E1391716EE57F900A8D956 /* Indexer.h */ = {isa = PBXFileReference; fileEncoding = 4; lastKnownFileType = sourcecode.c.h; path = Indexer.h; sourceTree = "<group>"; };
		79E1391816EE57F900A8D956 /* Searcher.cpp */ = {isa = PBXFileReference; fileEncoding = 4; lastKnownFileType = sourcecode.cpp.cpp; path = Searcher.cpp; sourceTree = "<group>"; };
		79E1391916EE57F900A8D956 /* Searcher.h */ = {isa = PBXFileReference; fileEncoding = 4; lastKnownFileType = sourcecode.c.h; path = Searcher.h; sourceTree = "<group>"; };
		79E1391A16EE57F900A8D956 /* sphinxstem.h */ = {isa = PBXFileReference; fileEncoding = 4; lastKnownFileType = sourcecode.c.h; path = sphinxstem.h; sourceTree = "<group>"; };
		79E1391B16EE57F900A8D956 /* sphinxstemru.cpp */ = {isa = PBXFileReference; fileEncoding = 4; lastKnownFileType = sourcecode.cpp.cpp; path = sphinxstemru.cpp; sourceTree = "<group>"; };
/* End PBXFileReference section */

/* Begin PBXFrameworksBuildPhase section */
		79E1390216EE57B400A8D956 /* Frameworks */ = {
			isa = PBXFrameworksBuildPhase;
			buildActionMask = 2147483647;
			files = (
			);
			runOnlyForDeploymentPostprocessing = 0;
		};
/* End PBXFrameworksBuildPhase section */

/* Begin PBXGroup section */
		79E138FC16EE57B400A8D956 = {
			isa = PBXGroup;
			children = (
				79E1390716EE57B400A8D956 /* DocSearch */,
				79E1390616EE57B400A8D956 /* Products */,
			);
			sourceTree = "<group>";
		};
		79E1390616EE57B400A8D956 /* Products */ = {
			isa = PBXGroup;
			children = (
				79E1390516EE57B400A8D956 /* DocSearch */,
			);
			name = Products;
			sourceTree = "<group>";
		};
		79E1390716EE57B400A8D956 /* DocSearch */ = {
			isa = PBXGroup;
			children = (
				79E1391116EE57F900A8D956 /* common.cpp */,
				79E1391216EE57F900A8D956 /* common.h */,
				79E1391316EE57F900A8D956 /* crc32.cpp */,
				79E1391416EE57F900A8D956 /* crc32.h */,
				79E1391616EE57F900A8D956 /* Indexer.cpp */,
				79E1391716EE57F900A8D956 /* Indexer.h */,
				79E1391816EE57F900A8D956 /* Searcher.cpp */,
				79E1391916EE57F900A8D956 /* Searcher.h */,
				79E1391A16EE57F900A8D956 /* sphinxstem.h */,
				79E1391B16EE57F900A8D956 /* sphinxstemru.cpp */,
				79E1390816EE57B400A8D956 /* main.cpp */,
				79E1390A16EE57B400A8D956 /* DocSearch.1 */,
				7903557A16EE6055001F12D1 /* sphinxstemen.cpp */,
			);
			path = DocSearch;
			sourceTree = "<group>";
		};
/* End PBXGroup section */

/* Begin PBXNativeTarget section */
		79E1390416EE57B400A8D956 /* DocSearch */ = {
			isa = PBXNativeTarget;
			buildConfigurationList = 79E1390E16EE57B400A8D956 /* Build configuration list for PBXNativeTarget "DocSearch" */;
			buildPhases = (
				79E1390116EE57B400A8D956 /* Sources */,
				79E1390216EE57B400A8D956 /* Frameworks */,
				79E1390316EE57B400A8D956 /* CopyFiles */,
			);
			buildRules = (
			);
			dependencies = (
			);
			name = DocSearch;
			productName = DocSearch;
			productReference = 79E1390516EE57B400A8D956 /* DocSearch */;
			productType = "com.apple.product-type.tool";
		};
/* End PBXNativeTarget section */

/* Begin PBXProject section */
		79E138FD16EE57B400A8D956 /* Project object */ = {
			isa = PBXProject;
			attributes = {
				LastUpgradeCheck = 0460;
				ORGANIZATIONNAME = "Marat Khabibullin";
			};
			buildConfigurationList = 79E1390016EE57B400A8D956 /* Build configuration list for PBXProject "DocSearch" */;
			compatibilityVersion = "Xcode 3.2";
			developmentRegion = English;
			hasScannedForEncodings = 0;
			knownRegions = (
				en,
			);
			mainGroup = 79E138FC16EE57B400A8D956;
			productRefGroup = 79E1390616EE57B400A8D956 /* Products */;
			projectDirPath = "";
			projectRoot = "";
			targets = (
				79E1390416EE57B400A8D956 /* DocSearch */,
			);
		};
/* End PBXProject section */

/* Begin PBXSourcesBuildPhase section */
		79E1390116EE57B400A8D956 /* Sources */ = {
			isa = PBXSourcesBuildPhase;
			buildActionMask = 2147483647;
			files = (
				79E1390916EE57B400A8D956 /* main.cpp in Sources */,
				79E1391C16EE57F900A8D956 /* common.cpp in Sources */,
				79E1391D16EE57F900A8D956 /* crc32.cpp in Sources */,
				79E1391F16EE57F900A8D956 /* Indexer.cpp in Sources */,
				79E1392016EE57F900A8D956 /* Searcher.cpp in Sources */,
				79E1392116EE57F900A8D956 /* sphinxstemru.cpp in Sources */,
				7903557C16EE6055001F12D1 /* sphinxstemen.cpp in Sources */,
			);
			runOnlyForDeploymentPostprocessing = 0;
		};
/* End PBXSourcesBuildPhase section */

/* Begin XCBuildConfiguration section */
		79E1390C16EE57B400A8D956 /* Debug */ = {
			isa = XCBuildConfiguration;
			buildSettings = {
				ALWAYS_SEARCH_USER_PATHS = NO;
				ARCHS = "$(ARCHS_STANDARD_64_BIT)";
				CLANG_CXX_LANGUAGE_STANDARD = "gnu++0x";
				CLANG_CXX_LIBRARY = "libc++";
				CLANG_WARN_CONSTANT_CONVERSION = YES;
				CLANG_WARN_EMPTY_BODY = YES;
				CLANG_WARN_ENUM_CONVERSION = YES;
				CLANG_WARN_INT_CONVERSION = YES;
				CLANG_WARN__DUPLICATE_METHOD_MATCH = YES;
				COPY_PHASE_STRIP = NO;
				GCC_C_LANGUAGE_STANDARD = gnu99;
				GCC_DYNAMIC_NO_PIC = NO;
				GCC_ENABLE_OBJC_EXCEPTIONS = YES;
				GCC_OPTIMIZATION_LEVEL = 0;
				GCC_PREPROCESSOR_DEFINITIONS = (
					"DEBUG=1",
					"$(inherited)",
				);
				GCC_SYMBOLS_PRIVATE_EXTERN = NO;
				GCC_WARN_64_TO_32_BIT_CONVERSION = YES;
				GCC_WARN_ABOUT_RETURN_TYPE = YES;
				GCC_WARN_UNINITIALIZED_AUTOS = YES;
				GCC_WARN_UNUSED_VARIABLE = YES;
				MACOSX_DEPLOYMENT_TARGET = 10.8;
				ONLY_ACTIVE_ARCH = YES;
				SDKROOT = macosx;
			};
			name = Debug;
		};
		79E1390D16EE57B400A8D956 /* Release */ = {
			isa = XCBuildConfiguration;
			buildSettings = {
				ALWAYS_SEARCH_USER_PATHS = NO;
				ARCHS = "$(ARCHS_STANDARD_64_BIT)";
				CLANG_CXX_LANGUAGE_STANDARD = "gnu++0x";
				CLANG_CXX_LIBRARY = "libc++";
				CLANG_WARN_CONSTANT_CONVERSION = YES;
				CLANG_WARN_EMPTY_BODY = YES;
				CLANG_WARN_ENUM_CONVERSION = YES;
				CLANG_WARN_INT_CONVERSION = YES;
				CLANG_WARN__DUPLICATE_METHOD_MATCH = YES;
				COPY_PHASE_STRIP = YES;
				DEBUG_INFORMATION_FORMAT = "dwarf-with-dsym";
				GCC_C_LANGUAGE_STANDARD = gnu99;
				GCC_ENABLE_OBJC_EXCEPTIONS = YES;
				GCC_WARN_64_TO_32_BIT_CONVERSION = YES;
				GCC_WARN_ABOUT_RETURN_TYPE = YES;
				GCC_WARN_UNINITIALIZED_AUTOS = YES;
				GCC_WARN_UNUSED_VARIABLE = YES;
				MACOSX_DEPLOYMENT_TARGET = 10.8;
				SDKROOT = macosx;
			};
			name = Release;
		};
		79E1390F16EE57B400A8D956 /* Debug */ = {
			isa = XCBuildConfiguration;
			buildSettings = {
				PRODUCT_NAME = "$(TARGET_NAME)";
			};
			name = Debug;
		};
		79E1391016EE57B400A8D956 /* Release */ = {
			isa = XCBuildConfiguration;
			buildSettings = {
				PRODUCT_NAME = "$(TARGET_NAME)";
			};
			name = Release;
		};
/* End XCBuildConfiguration section */

/* Begin XCConfigurationList section */
		79E1390016EE57B400A8D956 /* Build configuration list for PBXProject "DocSearch" */ = {
			isa = XCConfigurationList;
			buildConfigurations = (
				79E1390C16EE57B400A8D956 /* Debug */,
				79E1390D16EE57B400A8D956 /* Release */,
			);
			defaultConfigurationIsVisible = 0;
			defaultConfigurationName = Release;
		};
		79E1390E16EE57B400A8D956 /* Build configuration list for PBXNativeTarget "DocSearch" */ = {
			isa = XCConfigurationList;
			buildConfigurations = (
				79E1390F16EE57B400A8D956 /* Debug */,
				79E1391016EE57B400A8D956 /* Release */,
			);
			defaultConfigurationIsVisible = 0;
			defaultConfigurationName = Release;
		};
/* End XCConfigurationList section */
	};
	rootObject = 79E138FD16EE57B400A8D956 /* Project object */;
}
